// !$*UTF8*$!
{
	archiveVersion = 1;
	classes = {
	};
	objectVersion = 51;
	objects = {

/* Begin PBXBuildFile section */
		48436B021343DD47886DEB10 /* Pods_SwiftyFirestore.framework in Frameworks */ = {isa = PBXBuildFile; fileRef = 4B9C813270F6F56C21A064B8 /* Pods_SwiftyFirestore.framework */; };
		8B1018F9B791BFC44F8E9599 /* Pods_SwiftyFirestore_SwiftyFirestoreTests.framework in Frameworks */ = {isa = PBXBuildFile; fileRef = 74B6A86C5232EFD46DBEE5B6 /* Pods_SwiftyFirestore_SwiftyFirestoreTests.framework */; };
		E505E6E5243DC41E00A3D25D /* UpdateTests.swift in Sources */ = {isa = PBXBuildFile; fileRef = E505E6E4243DC41E00A3D25D /* UpdateTests.swift */; };
		E505E6E9243DDD0700A3D25D /* OrderTests.swift in Sources */ = {isa = PBXBuildFile; fileRef = E505E6E8243DDD0700A3D25D /* OrderTests.swift */; };
		E505E6EB243DE09900A3D25D /* DeleteTests.swift in Sources */ = {isa = PBXBuildFile; fileRef = E505E6EA243DE09900A3D25D /* DeleteTests.swift */; };
		E51609342442B9FA005A7B87 /* AddDocumentTests.swift in Sources */ = {isa = PBXBuildFile; fileRef = E51609332442B9FA005A7B87 /* AddDocumentTests.swift */; };
		E5256286243BEF82009AE249 /* CollectionRef.swift in Sources */ = {isa = PBXBuildFile; fileRef = E5256285243BEF82009AE249 /* CollectionRef.swift */; };
		E5256288243BF56E009AE249 /* FirestoreTestCase.swift in Sources */ = {isa = PBXBuildFile; fileRef = E5256287243BF56E009AE249 /* FirestoreTestCase.swift */; };
		E52D58EF243B41EA00FBFEBE /* QueryTests.swift in Sources */ = {isa = PBXBuildFile; fileRef = E52D58EE243B41EA00FBFEBE /* QueryTests.swift */; };
		E53562B8244AF94400EE894B /* UpdateFieldBuilder.swift in Sources */ = {isa = PBXBuildFile; fileRef = E53562B7244AF94400EE894B /* UpdateFieldBuilder.swift */; };
		E53562BA244AFF4000EE894B /* UpdateField.swift in Sources */ = {isa = PBXBuildFile; fileRef = E53562B9244AFF4000EE894B /* UpdateField.swift */; };
		E53562BC244AFF5F00EE894B /* UpdateData.swift in Sources */ = {isa = PBXBuildFile; fileRef = E53562BB244AFF5F00EE894B /* UpdateData.swift */; };
		E53562BE244AFFA300EE894B /* FirestoreEnum.swift in Sources */ = {isa = PBXBuildFile; fileRef = E53562BD244AFFA300EE894B /* FirestoreEnum.swift */; };
		E53562C0244B079B00EE894B /* DocumentRef+Update.swift in Sources */ = {isa = PBXBuildFile; fileRef = E53562BF244B079B00EE894B /* DocumentRef+Update.swift */; };
		E53562C2244B07D900EE894B /* DocumentRef+Get.swift in Sources */ = {isa = PBXBuildFile; fileRef = E53562C1244B07D900EE894B /* DocumentRef+Get.swift */; };
		E53562C4244B082800EE894B /* DocumentRef+SetData.swift in Sources */ = {isa = PBXBuildFile; fileRef = E53562C3244B082800EE894B /* DocumentRef+SetData.swift */; };
		E53562C6244B087000EE894B /* DocumentRef+Delete.swift in Sources */ = {isa = PBXBuildFile; fileRef = E53562C5244B087000EE894B /* DocumentRef+Delete.swift */; };
		E53562C8244B08AA00EE894B /* DocumentRef+Listen.swift in Sources */ = {isa = PBXBuildFile; fileRef = E53562C7244B08AA00EE894B /* DocumentRef+Listen.swift */; };
		E53892A8243FE03500F72573 /* XCTestCase+.swift in Sources */ = {isa = PBXBuildFile; fileRef = E53892A6243FE01100F72573 /* XCTestCase+.swift */; };
		E53892AA243FF75A00F72573 /* ListenCollectionTests.swift in Sources */ = {isa = PBXBuildFile; fileRef = E53892A9243FF75A00F72573 /* ListenCollectionTests.swift */; };
		E53892AC24400C5E00F72573 /* QuerySnapshotWrapper.swift in Sources */ = {isa = PBXBuildFile; fileRef = E53892AB24400C5E00F72573 /* QuerySnapshotWrapper.swift */; };
		E53892AE24400C8E00F72573 /* DocumentChangeWrapper.swift in Sources */ = {isa = PBXBuildFile; fileRef = E53892AD24400C8E00F72573 /* DocumentChangeWrapper.swift */; };
		E5502C992435DB91007EC1F1 /* Firestore+RootRef.swift in Sources */ = {isa = PBXBuildFile; fileRef = E5502C982435DB91007EC1F1 /* Firestore+RootRef.swift */; };
		E5502C9C2435DBF0007EC1F1 /* FirestoreDocuments.swift in Sources */ = {isa = PBXBuildFile; fileRef = E5502C9A2435DBC9007EC1F1 /* FirestoreDocuments.swift */; };
		E5502CA12435DC88007EC1F1 /* FirestoreRelationAlias.swift in Sources */ = {isa = PBXBuildFile; fileRef = E5502C9D2435DC16007EC1F1 /* FirestoreRelationAlias.swift */; };
		E5502CA42435E121007EC1F1 /* FirestoreTestHelper.swift in Sources */ = {isa = PBXBuildFile; fileRef = E5502CA32435E121007EC1F1 /* FirestoreTestHelper.swift */; };
		E55C2416243F280D009B5566 /* GetDocumentTests.swift in Sources */ = {isa = PBXBuildFile; fileRef = E55C2415243F280D009B5566 /* GetDocumentTests.swift */; };
		E55C2418243F2D9E009B5566 /* GetDocumentsTests.swift in Sources */ = {isa = PBXBuildFile; fileRef = E55C2417243F2D9E009B5566 /* GetDocumentsTests.swift */; };
		E55C2420243F4D3E009B5566 /* WhereOperator.swift in Sources */ = {isa = PBXBuildFile; fileRef = E55C241F243F4D3E009B5566 /* WhereOperator.swift */; };
		E55C2422243F4DA0009B5566 /* Sort.swift in Sources */ = {isa = PBXBuildFile; fileRef = E55C2421243F4DA0009B5566 /* Sort.swift */; };
		E55C2424243F4DEE009B5566 /* WhereCriteria.swift in Sources */ = {isa = PBXBuildFile; fileRef = E55C2423243F4DEE009B5566 /* WhereCriteria.swift */; };
		E55C2425243F4F95009B5566 /* ListenDocumentTests.swift in Sources */ = {isa = PBXBuildFile; fileRef = E5DC663C243CC54F005C82ED /* ListenDocumentTests.swift */; };
		E55EFB6E2456DA2F00712212 /* DocumentRef+Collection.swift in Sources */ = {isa = PBXBuildFile; fileRef = E55EFB6D2456DA2F00712212 /* DocumentRef+Collection.swift */; };
		E55EFB702456DA6800712212 /* DocumentRefProtocol.swift in Sources */ = {isa = PBXBuildFile; fileRef = E55EFB6F2456DA6800712212 /* DocumentRefProtocol.swift */; };
		E56EA5D32440A4A4008E13C0 /* Alias.swift in Sources */ = {isa = PBXBuildFile; fileRef = E56EA5D22440A4A4008E13C0 /* Alias.swift */; };
		E56EA5D52440A665008E13C0 /* AliasTests.swift in Sources */ = {isa = PBXBuildFile; fileRef = E56EA5D42440A665008E13C0 /* AliasTests.swift */; };
		E57DE0062434A4E300308FC0 /* libSwiftyFirestore.a in Frameworks */ = {isa = PBXBuildFile; fileRef = E5584A602434A3DD007035B6 /* libSwiftyFirestore.a */; };
		E57DE0122434A54500308FC0 /* SwiftyFirestoreTests.swift in Sources */ = {isa = PBXBuildFile; fileRef = E57DE0102434A54500308FC0 /* SwiftyFirestoreTests.swift */; };
		E57DE01C2434A6A000308FC0 /* QueryWrapper.swift in Sources */ = {isa = PBXBuildFile; fileRef = E57DE0162434A6A000308FC0 /* QueryWrapper.swift */; };
		E57DE01D2434A6A000308FC0 /* DocumentRef.swift in Sources */ = {isa = PBXBuildFile; fileRef = E57DE0172434A6A000308FC0 /* DocumentRef.swift */; };
		E57DE01E2434A6A000308FC0 /* QueryRef.swift in Sources */ = {isa = PBXBuildFile; fileRef = E57DE0182434A6A000308FC0 /* QueryRef.swift */; };
		E57DE0202434A6A000308FC0 /* FirestoreError.swift in Sources */ = {isa = PBXBuildFile; fileRef = E57DE01A2434A6A000308FC0 /* FirestoreError.swift */; };
		E57DE0212434A6A000308FC0 /* FirestoreDocument.swift in Sources */ = {isa = PBXBuildFile; fileRef = E57DE01B2434A6A000308FC0 /* FirestoreDocument.swift */; };
		E5811F69243D61FA00D58FE4 /* CollectionGroupTests.swift in Sources */ = {isa = PBXBuildFile; fileRef = E5811F68243D61FA00D58FE4 /* CollectionGroupTests.swift */; };
		E5811F6B243D812700D58FE4 /* CollectionGroupRef.swift in Sources */ = {isa = PBXBuildFile; fileRef = E5811F6A243D812700D58FE4 /* CollectionGroupRef.swift */; };
		E5811F6D243D8A6D00D58FE4 /* DocumentReferenceTests.swift in Sources */ = {isa = PBXBuildFile; fileRef = E5811F6C243D8A6D00D58FE4 /* DocumentReferenceTests.swift */; };
		E5A09753244170FF009C3F41 /* DocumentRef+Exists.swift in Sources */ = {isa = PBXBuildFile; fileRef = E5A09752244170FF009C3F41 /* DocumentRef+Exists.swift */; };
		E5A0E9E0244069AB00440B03 /* TransactionTests.swift in Sources */ = {isa = PBXBuildFile; fileRef = E5A0E9DF244069AB00440B03 /* TransactionTests.swift */; };
		E5A0E9E224407C6600440B03 /* TransactionWrapper.swift in Sources */ = {isa = PBXBuildFile; fileRef = E5A0E9E124407C6600440B03 /* TransactionWrapper.swift */; };
		E5A0E9E424408DBB00440B03 /* BatchTests.swift in Sources */ = {isa = PBXBuildFile; fileRef = E5A0E9E324408DBB00440B03 /* BatchTests.swift */; };
		E5A0E9E62440961E00440B03 /* BatchWrapper.swift in Sources */ = {isa = PBXBuildFile; fileRef = E5A0E9E52440961E00440B03 /* BatchWrapper.swift */; };
		E5A175D72449F0D200E69B63 /* FirestoreData.swift in Sources */ = {isa = PBXBuildFile; fileRef = E5A175D62449F0D200E69B63 /* FirestoreData.swift */; };
/* End PBXBuildFile section */

/* Begin PBXContainerItemProxy section */
		E57DE0072434A4E300308FC0 /* PBXContainerItemProxy */ = {
			isa = PBXContainerItemProxy;
			containerPortal = E5584A582434A3DD007035B6 /* Project object */;
			proxyType = 1;
			remoteGlobalIDString = E5584A5F2434A3DD007035B6;
			remoteInfo = SwiftyFirestore;
		};
/* End PBXContainerItemProxy section */

/* Begin PBXCopyFilesBuildPhase section */
		E5584A5E2434A3DD007035B6 /* CopyFiles */ = {
			isa = PBXCopyFilesBuildPhase;
			buildActionMask = 2147483647;
			dstPath = "include/$(PRODUCT_NAME)";
			dstSubfolderSpec = 16;
			files = (
			);
			runOnlyForDeploymentPostprocessing = 0;
		};
/* End PBXCopyFilesBuildPhase section */

/* Begin PBXFileReference section */
		0B9D8BE9AA3F104CF5995B3C /* Pods-SwiftyFirestore.release.xcconfig */ = {isa = PBXFileReference; includeInIndex = 1; lastKnownFileType = text.xcconfig; name = "Pods-SwiftyFirestore.release.xcconfig"; path = "Target Support Files/Pods-SwiftyFirestore/Pods-SwiftyFirestore.release.xcconfig"; sourceTree = "<group>"; };
		1328504BFFCBBA4EA9D7780C /* Pods-SwiftyFirestore-SwiftyFirestoreTests.debug.xcconfig */ = {isa = PBXFileReference; includeInIndex = 1; lastKnownFileType = text.xcconfig; name = "Pods-SwiftyFirestore-SwiftyFirestoreTests.debug.xcconfig"; path = "Target Support Files/Pods-SwiftyFirestore-SwiftyFirestoreTests/Pods-SwiftyFirestore-SwiftyFirestoreTests.debug.xcconfig"; sourceTree = "<group>"; };
		2A20C47CDA50F38EB806DEDA /* Pods-SwiftyFirestore-SwiftyFirestoreTests.release.xcconfig */ = {isa = PBXFileReference; includeInIndex = 1; lastKnownFileType = text.xcconfig; name = "Pods-SwiftyFirestore-SwiftyFirestoreTests.release.xcconfig"; path = "Target Support Files/Pods-SwiftyFirestore-SwiftyFirestoreTests/Pods-SwiftyFirestore-SwiftyFirestoreTests.release.xcconfig"; sourceTree = "<group>"; };
		4B9C813270F6F56C21A064B8 /* Pods_SwiftyFirestore.framework */ = {isa = PBXFileReference; explicitFileType = wrapper.framework; includeInIndex = 0; path = Pods_SwiftyFirestore.framework; sourceTree = BUILT_PRODUCTS_DIR; };
		74B6A86C5232EFD46DBEE5B6 /* Pods_SwiftyFirestore_SwiftyFirestoreTests.framework */ = {isa = PBXFileReference; explicitFileType = wrapper.framework; includeInIndex = 0; path = Pods_SwiftyFirestore_SwiftyFirestoreTests.framework; sourceTree = BUILT_PRODUCTS_DIR; };
		92B1BA6E215EC034DCA73097 /* Pods-SwiftyFirestore.debug.xcconfig */ = {isa = PBXFileReference; includeInIndex = 1; lastKnownFileType = text.xcconfig; name = "Pods-SwiftyFirestore.debug.xcconfig"; path = "Target Support Files/Pods-SwiftyFirestore/Pods-SwiftyFirestore.debug.xcconfig"; sourceTree = "<group>"; };
		E505E6E4243DC41E00A3D25D /* UpdateTests.swift */ = {isa = PBXFileReference; lastKnownFileType = sourcecode.swift; path = UpdateTests.swift; sourceTree = "<group>"; };
		E505E6E8243DDD0700A3D25D /* OrderTests.swift */ = {isa = PBXFileReference; lastKnownFileType = sourcecode.swift; path = OrderTests.swift; sourceTree = "<group>"; };
		E505E6EA243DE09900A3D25D /* DeleteTests.swift */ = {isa = PBXFileReference; lastKnownFileType = sourcecode.swift; path = DeleteTests.swift; sourceTree = "<group>"; };
		E51609332442B9FA005A7B87 /* AddDocumentTests.swift */ = {isa = PBXFileReference; lastKnownFileType = sourcecode.swift; path = AddDocumentTests.swift; sourceTree = "<group>"; };
		E5256285243BEF82009AE249 /* CollectionRef.swift */ = {isa = PBXFileReference; lastKnownFileType = sourcecode.swift; path = CollectionRef.swift; sourceTree = "<group>"; };
		E5256287243BF56E009AE249 /* FirestoreTestCase.swift */ = {isa = PBXFileReference; lastKnownFileType = sourcecode.swift; path = FirestoreTestCase.swift; sourceTree = "<group>"; };
		E52D58EE243B41EA00FBFEBE /* QueryTests.swift */ = {isa = PBXFileReference; lastKnownFileType = sourcecode.swift; path = QueryTests.swift; sourceTree = "<group>"; };
		E53562B7244AF94400EE894B /* UpdateFieldBuilder.swift */ = {isa = PBXFileReference; lastKnownFileType = sourcecode.swift; path = UpdateFieldBuilder.swift; sourceTree = "<group>"; };
		E53562B9244AFF4000EE894B /* UpdateField.swift */ = {isa = PBXFileReference; lastKnownFileType = sourcecode.swift; path = UpdateField.swift; sourceTree = "<group>"; };
		E53562BB244AFF5F00EE894B /* UpdateData.swift */ = {isa = PBXFileReference; lastKnownFileType = sourcecode.swift; path = UpdateData.swift; sourceTree = "<group>"; };
		E53562BD244AFFA300EE894B /* FirestoreEnum.swift */ = {isa = PBXFileReference; lastKnownFileType = sourcecode.swift; path = FirestoreEnum.swift; sourceTree = "<group>"; };
		E53562BF244B079B00EE894B /* DocumentRef+Update.swift */ = {isa = PBXFileReference; lastKnownFileType = sourcecode.swift; path = "DocumentRef+Update.swift"; sourceTree = "<group>"; };
		E53562C1244B07D900EE894B /* DocumentRef+Get.swift */ = {isa = PBXFileReference; lastKnownFileType = sourcecode.swift; path = "DocumentRef+Get.swift"; sourceTree = "<group>"; };
		E53562C3244B082800EE894B /* DocumentRef+SetData.swift */ = {isa = PBXFileReference; lastKnownFileType = sourcecode.swift; path = "DocumentRef+SetData.swift"; sourceTree = "<group>"; };
		E53562C5244B087000EE894B /* DocumentRef+Delete.swift */ = {isa = PBXFileReference; lastKnownFileType = sourcecode.swift; path = "DocumentRef+Delete.swift"; sourceTree = "<group>"; };
		E53562C7244B08AA00EE894B /* DocumentRef+Listen.swift */ = {isa = PBXFileReference; lastKnownFileType = sourcecode.swift; path = "DocumentRef+Listen.swift"; sourceTree = "<group>"; };
		E53892A6243FE01100F72573 /* XCTestCase+.swift */ = {isa = PBXFileReference; lastKnownFileType = sourcecode.swift; path = "XCTestCase+.swift"; sourceTree = "<group>"; };
		E53892A9243FF75A00F72573 /* ListenCollectionTests.swift */ = {isa = PBXFileReference; lastKnownFileType = sourcecode.swift; path = ListenCollectionTests.swift; sourceTree = "<group>"; };
		E53892AB24400C5E00F72573 /* QuerySnapshotWrapper.swift */ = {isa = PBXFileReference; lastKnownFileType = sourcecode.swift; path = QuerySnapshotWrapper.swift; sourceTree = "<group>"; };
		E53892AD24400C8E00F72573 /* DocumentChangeWrapper.swift */ = {isa = PBXFileReference; lastKnownFileType = sourcecode.swift; path = DocumentChangeWrapper.swift; sourceTree = "<group>"; };
		E5502C982435DB91007EC1F1 /* Firestore+RootRef.swift */ = {isa = PBXFileReference; lastKnownFileType = sourcecode.swift; path = "Firestore+RootRef.swift"; sourceTree = "<group>"; };
		E5502C9A2435DBC9007EC1F1 /* FirestoreDocuments.swift */ = {isa = PBXFileReference; lastKnownFileType = sourcecode.swift; path = FirestoreDocuments.swift; sourceTree = "<group>"; };
		E5502C9D2435DC16007EC1F1 /* FirestoreRelationAlias.swift */ = {isa = PBXFileReference; lastKnownFileType = sourcecode.swift; path = FirestoreRelationAlias.swift; sourceTree = "<group>"; };
		E5502CA32435E121007EC1F1 /* FirestoreTestHelper.swift */ = {isa = PBXFileReference; lastKnownFileType = sourcecode.swift; path = FirestoreTestHelper.swift; sourceTree = "<group>"; };
		E5584A602434A3DD007035B6 /* libSwiftyFirestore.a */ = {isa = PBXFileReference; explicitFileType = archive.ar; includeInIndex = 0; path = libSwiftyFirestore.a; sourceTree = BUILT_PRODUCTS_DIR; };
		E55C2415243F280D009B5566 /* GetDocumentTests.swift */ = {isa = PBXFileReference; lastKnownFileType = sourcecode.swift; path = GetDocumentTests.swift; sourceTree = "<group>"; };
		E55C2417243F2D9E009B5566 /* GetDocumentsTests.swift */ = {isa = PBXFileReference; lastKnownFileType = sourcecode.swift; path = GetDocumentsTests.swift; sourceTree = "<group>"; };
		E55C241F243F4D3E009B5566 /* WhereOperator.swift */ = {isa = PBXFileReference; lastKnownFileType = sourcecode.swift; path = WhereOperator.swift; sourceTree = "<group>"; };
		E55C2421243F4DA0009B5566 /* Sort.swift */ = {isa = PBXFileReference; lastKnownFileType = sourcecode.swift; path = Sort.swift; sourceTree = "<group>"; };
		E55C2423243F4DEE009B5566 /* WhereCriteria.swift */ = {isa = PBXFileReference; lastKnownFileType = sourcecode.swift; path = WhereCriteria.swift; sourceTree = "<group>"; };
		E55EFB6D2456DA2F00712212 /* DocumentRef+Collection.swift */ = {isa = PBXFileReference; lastKnownFileType = sourcecode.swift; path = "DocumentRef+Collection.swift"; sourceTree = "<group>"; };
		E55EFB6F2456DA6800712212 /* DocumentRefProtocol.swift */ = {isa = PBXFileReference; lastKnownFileType = sourcecode.swift; path = DocumentRefProtocol.swift; sourceTree = "<group>"; };
		E56EA5D22440A4A4008E13C0 /* Alias.swift */ = {isa = PBXFileReference; lastKnownFileType = sourcecode.swift; path = Alias.swift; sourceTree = "<group>"; };
		E56EA5D42440A665008E13C0 /* AliasTests.swift */ = {isa = PBXFileReference; lastKnownFileType = sourcecode.swift; path = AliasTests.swift; sourceTree = "<group>"; };
		E57DE0012434A4E300308FC0 /* SwiftyFirestoreTests.xctest */ = {isa = PBXFileReference; explicitFileType = wrapper.cfbundle; includeInIndex = 0; path = SwiftyFirestoreTests.xctest; sourceTree = BUILT_PRODUCTS_DIR; };
		E57DE0102434A54500308FC0 /* SwiftyFirestoreTests.swift */ = {isa = PBXFileReference; fileEncoding = 4; lastKnownFileType = sourcecode.swift; path = SwiftyFirestoreTests.swift; sourceTree = "<group>"; };
		E57DE0132434A59D00308FC0 /* Info.plist */ = {isa = PBXFileReference; fileEncoding = 4; lastKnownFileType = text.plist.xml; path = Info.plist; sourceTree = "<group>"; };
		E57DE0162434A6A000308FC0 /* QueryWrapper.swift */ = {isa = PBXFileReference; fileEncoding = 4; lastKnownFileType = sourcecode.swift; path = QueryWrapper.swift; sourceTree = "<group>"; };
		E57DE0172434A6A000308FC0 /* DocumentRef.swift */ = {isa = PBXFileReference; fileEncoding = 4; lastKnownFileType = sourcecode.swift; path = DocumentRef.swift; sourceTree = "<group>"; };
		E57DE0182434A6A000308FC0 /* QueryRef.swift */ = {isa = PBXFileReference; fileEncoding = 4; lastKnownFileType = sourcecode.swift; path = QueryRef.swift; sourceTree = "<group>"; };
		E57DE01A2434A6A000308FC0 /* FirestoreError.swift */ = {isa = PBXFileReference; fileEncoding = 4; lastKnownFileType = sourcecode.swift; path = FirestoreError.swift; sourceTree = "<group>"; };
		E57DE01B2434A6A000308FC0 /* FirestoreDocument.swift */ = {isa = PBXFileReference; fileEncoding = 4; lastKnownFileType = sourcecode.swift; path = FirestoreDocument.swift; sourceTree = "<group>"; };
		E5811F68243D61FA00D58FE4 /* CollectionGroupTests.swift */ = {isa = PBXFileReference; lastKnownFileType = sourcecode.swift; path = CollectionGroupTests.swift; sourceTree = "<group>"; };
		E5811F6A243D812700D58FE4 /* CollectionGroupRef.swift */ = {isa = PBXFileReference; lastKnownFileType = sourcecode.swift; path = CollectionGroupRef.swift; sourceTree = "<group>"; };
		E5811F6C243D8A6D00D58FE4 /* DocumentReferenceTests.swift */ = {isa = PBXFileReference; lastKnownFileType = sourcecode.swift; path = DocumentReferenceTests.swift; sourceTree = "<group>"; };
		E5A09752244170FF009C3F41 /* DocumentRef+Exists.swift */ = {isa = PBXFileReference; lastKnownFileType = sourcecode.swift; path = "DocumentRef+Exists.swift"; sourceTree = "<group>"; };
		E5A0E9DF244069AB00440B03 /* TransactionTests.swift */ = {isa = PBXFileReference; lastKnownFileType = sourcecode.swift; path = TransactionTests.swift; sourceTree = "<group>"; };
		E5A0E9E124407C6600440B03 /* TransactionWrapper.swift */ = {isa = PBXFileReference; lastKnownFileType = sourcecode.swift; path = TransactionWrapper.swift; sourceTree = "<group>"; };
		E5A0E9E324408DBB00440B03 /* BatchTests.swift */ = {isa = PBXFileReference; lastKnownFileType = sourcecode.swift; path = BatchTests.swift; sourceTree = "<group>"; };
		E5A0E9E52440961E00440B03 /* BatchWrapper.swift */ = {isa = PBXFileReference; lastKnownFileType = sourcecode.swift; path = BatchWrapper.swift; sourceTree = "<group>"; };
		E5A175D62449F0D200E69B63 /* FirestoreData.swift */ = {isa = PBXFileReference; lastKnownFileType = sourcecode.swift; path = FirestoreData.swift; sourceTree = "<group>"; };
		E5DC663C243CC54F005C82ED /* ListenDocumentTests.swift */ = {isa = PBXFileReference; lastKnownFileType = sourcecode.swift; path = ListenDocumentTests.swift; sourceTree = "<group>"; };
/* End PBXFileReference section */

/* Begin PBXFrameworksBuildPhase section */
		E5584A5D2434A3DD007035B6 /* Frameworks */ = {
			isa = PBXFrameworksBuildPhase;
			buildActionMask = 2147483647;
			files = (
				48436B021343DD47886DEB10 /* Pods_SwiftyFirestore.framework in Frameworks */,
			);
			runOnlyForDeploymentPostprocessing = 0;
		};
		E57DDFFE2434A4E300308FC0 /* Frameworks */ = {
			isa = PBXFrameworksBuildPhase;
			buildActionMask = 2147483647;
			files = (
				E57DE0062434A4E300308FC0 /* libSwiftyFirestore.a in Frameworks */,
				8B1018F9B791BFC44F8E9599 /* Pods_SwiftyFirestore_SwiftyFirestoreTests.framework in Frameworks */,
			);
			runOnlyForDeploymentPostprocessing = 0;
		};
/* End PBXFrameworksBuildPhase section */

/* Begin PBXGroup section */
		33CD32394C68088CC840A74C /* Frameworks */ = {
			isa = PBXGroup;
			children = (
				4B9C813270F6F56C21A064B8 /* Pods_SwiftyFirestore.framework */,
				74B6A86C5232EFD46DBEE5B6 /* Pods_SwiftyFirestore_SwiftyFirestoreTests.framework */,
			);
			name = Frameworks;
			sourceTree = "<group>";
		};
		E53562B6244AF93300EE894B /* Update */ = {
			isa = PBXGroup;
			children = (
				E53562B7244AF94400EE894B /* UpdateFieldBuilder.swift */,
				E53562B9244AFF4000EE894B /* UpdateField.swift */,
				E53562BB244AFF5F00EE894B /* UpdateData.swift */,
			);
			path = Update;
			sourceTree = "<group>";
		};
		E5502C962435DB32007EC1F1 /* Assets */ = {
			isa = PBXGroup;
			children = (
				E5502C9A2435DBC9007EC1F1 /* FirestoreDocuments.swift */,
				E5502C9D2435DC16007EC1F1 /* FirestoreRelationAlias.swift */,
			);
			path = Assets;
			sourceTree = "<group>";
		};
		E5502CA22435E108007EC1F1 /* Helper */ = {
			isa = PBXGroup;
			children = (
				E5502CA32435E121007EC1F1 /* FirestoreTestHelper.swift */,
				E5256287243BF56E009AE249 /* FirestoreTestCase.swift */,
				E53892A6243FE01100F72573 /* XCTestCase+.swift */,
			);
			path = Helper;
			sourceTree = "<group>";
		};
		E5584A572434A3DD007035B6 = {
			isa = PBXGroup;
			children = (
				E57DDFF92434A43B00308FC0 /* Sources */,
				E57DE00D2434A51E00308FC0 /* Tests */,
				E5584A612434A3DD007035B6 /* Products */,
				FFE1EE720A7BEA1F53CA3651 /* Pods */,
				33CD32394C68088CC840A74C /* Frameworks */,
			);
			sourceTree = "<group>";
		};
		E5584A612434A3DD007035B6 /* Products */ = {
			isa = PBXGroup;
			children = (
				E5584A602434A3DD007035B6 /* libSwiftyFirestore.a */,
				E57DE0012434A4E300308FC0 /* SwiftyFirestoreTests.xctest */,
			);
			name = Products;
			sourceTree = "<group>";
		};
		E55C241B243F4C6D009B5566 /* Document */ = {
			isa = PBXGroup;
			children = (
				E57DE0172434A6A000308FC0 /* DocumentRef.swift */,
				E53562C1244B07D900EE894B /* DocumentRef+Get.swift */,
				E53562C3244B082800EE894B /* DocumentRef+SetData.swift */,
				E53562BF244B079B00EE894B /* DocumentRef+Update.swift */,
				E53562C5244B087000EE894B /* DocumentRef+Delete.swift */,
				E5A09752244170FF009C3F41 /* DocumentRef+Exists.swift */,
				E53562C7244B08AA00EE894B /* DocumentRef+Listen.swift */,
				E55EFB6D2456DA2F00712212 /* DocumentRef+Collection.swift */,
			);
			path = Document;
			sourceTree = "<group>";
		};
		E55C241C243F4C76009B5566 /* Collection */ = {
			isa = PBXGroup;
			children = (
				E5256285243BEF82009AE249 /* CollectionRef.swift */,
				E5811F6A243D812700D58FE4 /* CollectionGroupRef.swift */,
			);
			path = Collection;
			sourceTree = "<group>";
		};
		E55C241D243F4C89009B5566 /* Error */ = {
			isa = PBXGroup;
			children = (
				E57DE01A2434A6A000308FC0 /* FirestoreError.swift */,
			);
			path = Error;
			sourceTree = "<group>";
		};
		E55C241E243F4CB2009B5566 /* Query */ = {
			isa = PBXGroup;
			children = (
				E53562B6244AF93300EE894B /* Update */,
				E57DE0182434A6A000308FC0 /* QueryRef.swift */,
				E57DE0162434A6A000308FC0 /* QueryWrapper.swift */,
				E53892AB24400C5E00F72573 /* QuerySnapshotWrapper.swift */,
				E53892AD24400C8E00F72573 /* DocumentChangeWrapper.swift */,
				E55C241F243F4D3E009B5566 /* WhereOperator.swift */,
				E55C2423243F4DEE009B5566 /* WhereCriteria.swift */,
				E55C2421243F4DA0009B5566 /* Sort.swift */,
			);
			path = Query;
			sourceTree = "<group>";
		};
		E57DDFF92434A43B00308FC0 /* Sources */ = {
			isa = PBXGroup;
			children = (
				E57DDFFA2434A4AD00308FC0 /* SwiftyFirestore */,
			);
			name = Sources;
			sourceTree = SOURCE_ROOT;
		};
		E57DDFFA2434A4AD00308FC0 /* SwiftyFirestore */ = {
			isa = PBXGroup;
			children = (
				E5A175D52449F0B900E69B63 /* Protocol */,
				E55C241E243F4CB2009B5566 /* Query */,
				E55C241B243F4C6D009B5566 /* Document */,
				E55C241C243F4C76009B5566 /* Collection */,
				E55C241D243F4C89009B5566 /* Error */,
				E5A0E9E124407C6600440B03 /* TransactionWrapper.swift */,
				E5A0E9E52440961E00440B03 /* BatchWrapper.swift */,
				E56EA5D22440A4A4008E13C0 /* Alias.swift */,
				E5502C982435DB91007EC1F1 /* Firestore+RootRef.swift */,
			);
			name = SwiftyFirestore;
			path = Sources/SwiftyFirestore;
			sourceTree = "<group>";
		};
		E57DE00D2434A51E00308FC0 /* Tests */ = {
			isa = PBXGroup;
			children = (
				E57DE00E2434A54500308FC0 /* SwiftyFirestoreTests */,
			);
			name = Tests;
			sourceTree = SOURCE_ROOT;
		};
		E57DE00E2434A54500308FC0 /* SwiftyFirestoreTests */ = {
			isa = PBXGroup;
			children = (
				E5502CA22435E108007EC1F1 /* Helper */,
				E5502C962435DB32007EC1F1 /* Assets */,
				E593063D2443F479005C1401 /* Query */,
				E57DE0102434A54500308FC0 /* SwiftyFirestoreTests.swift */,
				E51609332442B9FA005A7B87 /* AddDocumentTests.swift */,
				E55C2415243F280D009B5566 /* GetDocumentTests.swift */,
				E55C2417243F2D9E009B5566 /* GetDocumentsTests.swift */,
				E505E6E4243DC41E00A3D25D /* UpdateTests.swift */,
				E505E6EA243DE09900A3D25D /* DeleteTests.swift */,
				E5DC663C243CC54F005C82ED /* ListenDocumentTests.swift */,
				E53892A9243FF75A00F72573 /* ListenCollectionTests.swift */,
				E5811F68243D61FA00D58FE4 /* CollectionGroupTests.swift */,
				E5811F6C243D8A6D00D58FE4 /* DocumentReferenceTests.swift */,
				E5A0E9DF244069AB00440B03 /* TransactionTests.swift */,
				E5A0E9E324408DBB00440B03 /* BatchTests.swift */,
				E57DE0132434A59D00308FC0 /* Info.plist */,
				E56EA5D42440A665008E13C0 /* AliasTests.swift */,
			);
			name = SwiftyFirestoreTests;
			path = Tests/SwiftyFirestoreTests;
			sourceTree = "<group>";
		};
		E593063D2443F479005C1401 /* Query */ = {
			isa = PBXGroup;
			children = (
				E52D58EE243B41EA00FBFEBE /* QueryTests.swift */,
				E505E6E8243DDD0700A3D25D /* OrderTests.swift */,
			);
			path = Query;
			sourceTree = "<group>";
		};
		E5A175D52449F0B900E69B63 /* Protocol */ = {
			isa = PBXGroup;
			children = (
				E57DE01B2434A6A000308FC0 /* FirestoreDocument.swift */,
				E5A175D62449F0D200E69B63 /* FirestoreData.swift */,
				E53562BD244AFFA300EE894B /* FirestoreEnum.swift */,
				E55EFB6F2456DA6800712212 /* DocumentRefProtocol.swift */,
			);
			path = Protocol;
			sourceTree = "<group>";
		};
		FFE1EE720A7BEA1F53CA3651 /* Pods */ = {
			isa = PBXGroup;
			children = (
				92B1BA6E215EC034DCA73097 /* Pods-SwiftyFirestore.debug.xcconfig */,
				0B9D8BE9AA3F104CF5995B3C /* Pods-SwiftyFirestore.release.xcconfig */,
				1328504BFFCBBA4EA9D7780C /* Pods-SwiftyFirestore-SwiftyFirestoreTests.debug.xcconfig */,
				2A20C47CDA50F38EB806DEDA /* Pods-SwiftyFirestore-SwiftyFirestoreTests.release.xcconfig */,
			);
			path = Pods;
			sourceTree = "<group>";
		};
/* End PBXGroup section */

/* Begin PBXNativeTarget section */
		E5584A5F2434A3DD007035B6 /* SwiftyFirestore */ = {
			isa = PBXNativeTarget;
			buildConfigurationList = E5584A672434A3DD007035B6 /* Build configuration list for PBXNativeTarget "SwiftyFirestore" */;
			buildPhases = (
				FCF2D1A3F862C66EA25856D4 /* [CP] Check Pods Manifest.lock */,
				E5584A5C2434A3DD007035B6 /* Sources */,
				E5584A5D2434A3DD007035B6 /* Frameworks */,
				E5584A5E2434A3DD007035B6 /* CopyFiles */,
			);
			buildRules = (
			);
			dependencies = (
			);
			name = SwiftyFirestore;
			productName = SwiftyFirestore;
			productReference = E5584A602434A3DD007035B6 /* libSwiftyFirestore.a */;
			productType = "com.apple.product-type.library.static";
		};
		E57DE0002434A4E300308FC0 /* SwiftyFirestoreTests */ = {
			isa = PBXNativeTarget;
			buildConfigurationList = E57DE0092434A4E300308FC0 /* Build configuration list for PBXNativeTarget "SwiftyFirestoreTests" */;
			buildPhases = (
				408D00F920AC24BD7213F7F6 /* [CP] Check Pods Manifest.lock */,
				E57DDFFD2434A4E300308FC0 /* Sources */,
				E57DDFFE2434A4E300308FC0 /* Frameworks */,
				E57DDFFF2434A4E300308FC0 /* Resources */,
				9A6527AB4719FDDD0F34512D /* [CP] Embed Pods Frameworks */,
			);
			buildRules = (
			);
			dependencies = (
				E57DE0082434A4E300308FC0 /* PBXTargetDependency */,
			);
			name = SwiftyFirestoreTests;
			productName = Tests;
			productReference = E57DE0012434A4E300308FC0 /* SwiftyFirestoreTests.xctest */;
			productType = "com.apple.product-type.bundle.unit-test";
		};
/* End PBXNativeTarget section */

/* Begin PBXProject section */
		E5584A582434A3DD007035B6 /* Project object */ = {
			isa = PBXProject;
			attributes = {
				LastSwiftUpdateCheck = 1140;
				LastUpgradeCheck = 1130;
				ORGANIZATIONNAME = "Yusuke Hosonuma";
				TargetAttributes = {
					E5584A5F2434A3DD007035B6 = {
						CreatedOnToolsVersion = 11.3;
					};
					E57DE0002434A4E300308FC0 = {
						CreatedOnToolsVersion = 11.4;
					};
				};
			};
			buildConfigurationList = E5584A5B2434A3DD007035B6 /* Build configuration list for PBXProject "SwiftyFirestore" */;
			compatibilityVersion = "Xcode 9.3";
			developmentRegion = en;
			hasScannedForEncodings = 0;
			knownRegions = (
				en,
				Base,
			);
			mainGroup = E5584A572434A3DD007035B6;
			productRefGroup = E5584A612434A3DD007035B6 /* Products */;
			projectDirPath = "";
			projectRoot = "";
			targets = (
				E5584A5F2434A3DD007035B6 /* SwiftyFirestore */,
				E57DE0002434A4E300308FC0 /* SwiftyFirestoreTests */,
			);
		};
/* End PBXProject section */

/* Begin PBXResourcesBuildPhase section */
		E57DDFFF2434A4E300308FC0 /* Resources */ = {
			isa = PBXResourcesBuildPhase;
			buildActionMask = 2147483647;
			files = (
			);
			runOnlyForDeploymentPostprocessing = 0;
		};
/* End PBXResourcesBuildPhase section */

/* Begin PBXShellScriptBuildPhase section */
		408D00F920AC24BD7213F7F6 /* [CP] Check Pods Manifest.lock */ = {
			isa = PBXShellScriptBuildPhase;
			buildActionMask = 2147483647;
			files = (
			);
			inputFileListPaths = (
			);
			inputPaths = (
				"${PODS_PODFILE_DIR_PATH}/Podfile.lock",
				"${PODS_ROOT}/Manifest.lock",
			);
			name = "[CP] Check Pods Manifest.lock";
			outputFileListPaths = (
			);
			outputPaths = (
				"$(DERIVED_FILE_DIR)/Pods-SwiftyFirestore-SwiftyFirestoreTests-checkManifestLockResult.txt",
			);
			runOnlyForDeploymentPostprocessing = 0;
			shellPath = /bin/sh;
			shellScript = "diff \"${PODS_PODFILE_DIR_PATH}/Podfile.lock\" \"${PODS_ROOT}/Manifest.lock\" > /dev/null\nif [ $? != 0 ] ; then\n    # print error to STDERR\n    echo \"error: The sandbox is not in sync with the Podfile.lock. Run 'pod install' or update your CocoaPods installation.\" >&2\n    exit 1\nfi\n# This output is used by Xcode 'outputs' to avoid re-running this script phase.\necho \"SUCCESS\" > \"${SCRIPT_OUTPUT_FILE_0}\"\n";
			showEnvVarsInLog = 0;
		};
		9A6527AB4719FDDD0F34512D /* [CP] Embed Pods Frameworks */ = {
			isa = PBXShellScriptBuildPhase;
			buildActionMask = 2147483647;
			files = (
			);
			inputFileListPaths = (
				"${PODS_ROOT}/Target Support Files/Pods-SwiftyFirestore-SwiftyFirestoreTests/Pods-SwiftyFirestore-SwiftyFirestoreTests-frameworks-${CONFIGURATION}-input-files.xcfilelist",
			);
			name = "[CP] Embed Pods Frameworks";
			outputFileListPaths = (
				"${PODS_ROOT}/Target Support Files/Pods-SwiftyFirestore-SwiftyFirestoreTests/Pods-SwiftyFirestore-SwiftyFirestoreTests-frameworks-${CONFIGURATION}-output-files.xcfilelist",
			);
			runOnlyForDeploymentPostprocessing = 0;
			shellPath = /bin/sh;
			shellScript = "\"${PODS_ROOT}/Target Support Files/Pods-SwiftyFirestore-SwiftyFirestoreTests/Pods-SwiftyFirestore-SwiftyFirestoreTests-frameworks.sh\"\n";
			showEnvVarsInLog = 0;
		};
		FCF2D1A3F862C66EA25856D4 /* [CP] Check Pods Manifest.lock */ = {
			isa = PBXShellScriptBuildPhase;
			buildActionMask = 2147483647;
			files = (
			);
			inputFileListPaths = (
			);
			inputPaths = (
				"${PODS_PODFILE_DIR_PATH}/Podfile.lock",
				"${PODS_ROOT}/Manifest.lock",
			);
			name = "[CP] Check Pods Manifest.lock";
			outputFileListPaths = (
			);
			outputPaths = (
				"$(DERIVED_FILE_DIR)/Pods-SwiftyFirestore-checkManifestLockResult.txt",
			);
			runOnlyForDeploymentPostprocessing = 0;
			shellPath = /bin/sh;
			shellScript = "diff \"${PODS_PODFILE_DIR_PATH}/Podfile.lock\" \"${PODS_ROOT}/Manifest.lock\" > /dev/null\nif [ $? != 0 ] ; then\n    # print error to STDERR\n    echo \"error: The sandbox is not in sync with the Podfile.lock. Run 'pod install' or update your CocoaPods installation.\" >&2\n    exit 1\nfi\n# This output is used by Xcode 'outputs' to avoid re-running this script phase.\necho \"SUCCESS\" > \"${SCRIPT_OUTPUT_FILE_0}\"\n";
			showEnvVarsInLog = 0;
		};
/* End PBXShellScriptBuildPhase section */

/* Begin PBXSourcesBuildPhase section */
		E5584A5C2434A3DD007035B6 /* Sources */ = {
			isa = PBXSourcesBuildPhase;
			buildActionMask = 2147483647;
			files = (
				E5502C992435DB91007EC1F1 /* Firestore+RootRef.swift in Sources */,
				E53562BA244AFF4000EE894B /* UpdateField.swift in Sources */,
				E55EFB6E2456DA2F00712212 /* DocumentRef+Collection.swift in Sources */,
				E53562B8244AF94400EE894B /* UpdateFieldBuilder.swift in Sources */,
				E53562C4244B082800EE894B /* DocumentRef+SetData.swift in Sources */,
				E57DE01E2434A6A000308FC0 /* QueryRef.swift in Sources */,
				E5256286243BEF82009AE249 /* CollectionRef.swift in Sources */,
				E57DE01C2434A6A000308FC0 /* QueryWrapper.swift in Sources */,
				E53892AE24400C8E00F72573 /* DocumentChangeWrapper.swift in Sources */,
				E55C2422243F4DA0009B5566 /* Sort.swift in Sources */,
				E55C2420243F4D3E009B5566 /* WhereOperator.swift in Sources */,
				E53562C0244B079B00EE894B /* DocumentRef+Update.swift in Sources */,
				E53562C6244B087000EE894B /* DocumentRef+Delete.swift in Sources */,
				E57DE0202434A6A000308FC0 /* FirestoreError.swift in Sources */,
				E55EFB702456DA6800712212 /* DocumentRefProtocol.swift in Sources */,
				E53892AC24400C5E00F72573 /* QuerySnapshotWrapper.swift in Sources */,
				E5A0E9E62440961E00440B03 /* BatchWrapper.swift in Sources */,
				E5A0E9E224407C6600440B03 /* TransactionWrapper.swift in Sources */,
				E57DE0212434A6A000308FC0 /* FirestoreDocument.swift in Sources */,
				E53562C8244B08AA00EE894B /* DocumentRef+Listen.swift in Sources */,
				E55C2424243F4DEE009B5566 /* WhereCriteria.swift in Sources */,
				E5A09753244170FF009C3F41 /* DocumentRef+Exists.swift in Sources */,
				E57DE01D2434A6A000308FC0 /* DocumentRef.swift in Sources */,
				E53562BE244AFFA300EE894B /* FirestoreEnum.swift in Sources */,
				E53562BC244AFF5F00EE894B /* UpdateData.swift in Sources */,
				E56EA5D32440A4A4008E13C0 /* Alias.swift in Sources */,
				E5A175D72449F0D200E69B63 /* FirestoreData.swift in Sources */,
				E5811F6B243D812700D58FE4 /* CollectionGroupRef.swift in Sources */,
				E53562C2244B07D900EE894B /* DocumentRef+Get.swift in Sources */,
			);
			runOnlyForDeploymentPostprocessing = 0;
		};
		E57DDFFD2434A4E300308FC0 /* Sources */ = {
			isa = PBXSourcesBuildPhase;
			buildActionMask = 2147483647;
			files = (
				E55C2425243F4F95009B5566 /* ListenDocumentTests.swift in Sources */,
				E55C2416243F280D009B5566 /* GetDocumentTests.swift in Sources */,
				E5A0E9E424408DBB00440B03 /* BatchTests.swift in Sources */,
				E505E6E9243DDD0700A3D25D /* OrderTests.swift in Sources */,
				E5A0E9E0244069AB00440B03 /* TransactionTests.swift in Sources */,
				E5811F6D243D8A6D00D58FE4 /* DocumentReferenceTests.swift in Sources */,
				E53892AA243FF75A00F72573 /* ListenCollectionTests.swift in Sources */,
				E505E6EB243DE09900A3D25D /* DeleteTests.swift in Sources */,
				E56EA5D52440A665008E13C0 /* AliasTests.swift in Sources */,
				E55C2418243F2D9E009B5566 /* GetDocumentsTests.swift in Sources */,
				E5811F69243D61FA00D58FE4 /* CollectionGroupTests.swift in Sources */,
				E52D58EF243B41EA00FBFEBE /* QueryTests.swift in Sources */,
				E505E6E5243DC41E00A3D25D /* UpdateTests.swift in Sources */,
				E5256288243BF56E009AE249 /* FirestoreTestCase.swift in Sources */,
				E5502CA42435E121007EC1F1 /* FirestoreTestHelper.swift in Sources */,
				E5502C9C2435DBF0007EC1F1 /* FirestoreDocuments.swift in Sources */,
				E51609342442B9FA005A7B87 /* AddDocumentTests.swift in Sources */,
				E57DE0122434A54500308FC0 /* SwiftyFirestoreTests.swift in Sources */,
				E5502CA12435DC88007EC1F1 /* FirestoreRelationAlias.swift in Sources */,
				E53892A8243FE03500F72573 /* XCTestCase+.swift in Sources */,
			);
			runOnlyForDeploymentPostprocessing = 0;
		};
/* End PBXSourcesBuildPhase section */

/* Begin PBXTargetDependency section */
		E57DE0082434A4E300308FC0 /* PBXTargetDependency */ = {
			isa = PBXTargetDependency;
			target = E5584A5F2434A3DD007035B6 /* SwiftyFirestore */;
			targetProxy = E57DE0072434A4E300308FC0 /* PBXContainerItemProxy */;
		};
/* End PBXTargetDependency section */

/* Begin XCBuildConfiguration section */
		E5584A652434A3DD007035B6 /* Debug */ = {
			isa = XCBuildConfiguration;
			buildSettings = {
				ALWAYS_SEARCH_USER_PATHS = NO;
				CLANG_ANALYZER_NONNULL = YES;
				CLANG_ANALYZER_NUMBER_OBJECT_CONVERSION = YES_AGGRESSIVE;
				CLANG_CXX_LANGUAGE_STANDARD = "gnu++14";
				CLANG_CXX_LIBRARY = "libc++";
				CLANG_ENABLE_MODULES = YES;
				CLANG_ENABLE_OBJC_ARC = YES;
				CLANG_ENABLE_OBJC_WEAK = YES;
				CLANG_WARN_BLOCK_CAPTURE_AUTORELEASING = YES;
				CLANG_WARN_BOOL_CONVERSION = YES;
				CLANG_WARN_COMMA = YES;
				CLANG_WARN_CONSTANT_CONVERSION = YES;
				CLANG_WARN_DEPRECATED_OBJC_IMPLEMENTATIONS = YES;
				CLANG_WARN_DIRECT_OBJC_ISA_USAGE = YES_ERROR;
				CLANG_WARN_DOCUMENTATION_COMMENTS = YES;
				CLANG_WARN_EMPTY_BODY = YES;
				CLANG_WARN_ENUM_CONVERSION = YES;
				CLANG_WARN_INFINITE_RECURSION = YES;
				CLANG_WARN_INT_CONVERSION = YES;
				CLANG_WARN_NON_LITERAL_NULL_CONVERSION = YES;
				CLANG_WARN_OBJC_IMPLICIT_RETAIN_SELF = YES;
				CLANG_WARN_OBJC_LITERAL_CONVERSION = YES;
				CLANG_WARN_OBJC_ROOT_CLASS = YES_ERROR;
				CLANG_WARN_RANGE_LOOP_ANALYSIS = YES;
				CLANG_WARN_STRICT_PROTOTYPES = YES;
				CLANG_WARN_SUSPICIOUS_MOVE = YES;
				CLANG_WARN_UNGUARDED_AVAILABILITY = YES_AGGRESSIVE;
				CLANG_WARN_UNREACHABLE_CODE = YES;
				CLANG_WARN__DUPLICATE_METHOD_MATCH = YES;
				COPY_PHASE_STRIP = NO;
				DEBUG_INFORMATION_FORMAT = dwarf;
				ENABLE_STRICT_OBJC_MSGSEND = YES;
				ENABLE_TESTABILITY = YES;
				GCC_C_LANGUAGE_STANDARD = gnu11;
				GCC_DYNAMIC_NO_PIC = NO;
				GCC_NO_COMMON_BLOCKS = YES;
				GCC_OPTIMIZATION_LEVEL = 0;
				GCC_PREPROCESSOR_DEFINITIONS = (
					"DEBUG=1",
					"$(inherited)",
				);
				GCC_WARN_64_TO_32_BIT_CONVERSION = YES;
				GCC_WARN_ABOUT_RETURN_TYPE = YES_ERROR;
				GCC_WARN_UNDECLARED_SELECTOR = YES;
				GCC_WARN_UNINITIALIZED_AUTOS = YES_AGGRESSIVE;
				GCC_WARN_UNUSED_FUNCTION = YES;
				GCC_WARN_UNUSED_VARIABLE = YES;
				IPHONEOS_DEPLOYMENT_TARGET = 13.0;
				MTL_ENABLE_DEBUG_INFO = INCLUDE_SOURCE;
				MTL_FAST_MATH = YES;
				ONLY_ACTIVE_ARCH = YES;
				SDKROOT = iphoneos;
				SWIFT_ACTIVE_COMPILATION_CONDITIONS = DEBUG;
				SWIFT_OPTIMIZATION_LEVEL = "-Onone";
			};
			name = Debug;
		};
		E5584A662434A3DD007035B6 /* Release */ = {
			isa = XCBuildConfiguration;
			buildSettings = {
				ALWAYS_SEARCH_USER_PATHS = NO;
				CLANG_ANALYZER_NONNULL = YES;
				CLANG_ANALYZER_NUMBER_OBJECT_CONVERSION = YES_AGGRESSIVE;
				CLANG_CXX_LANGUAGE_STANDARD = "gnu++14";
				CLANG_CXX_LIBRARY = "libc++";
				CLANG_ENABLE_MODULES = YES;
				CLANG_ENABLE_OBJC_ARC = YES;
				CLANG_ENABLE_OBJC_WEAK = YES;
				CLANG_WARN_BLOCK_CAPTURE_AUTORELEASING = YES;
				CLANG_WARN_BOOL_CONVERSION = YES;
				CLANG_WARN_COMMA = YES;
				CLANG_WARN_CONSTANT_CONVERSION = YES;
				CLANG_WARN_DEPRECATED_OBJC_IMPLEMENTATIONS = YES;
				CLANG_WARN_DIRECT_OBJC_ISA_USAGE = YES_ERROR;
				CLANG_WARN_DOCUMENTATION_COMMENTS = YES;
				CLANG_WARN_EMPTY_BODY = YES;
				CLANG_WARN_ENUM_CONVERSION = YES;
				CLANG_WARN_INFINITE_RECURSION = YES;
				CLANG_WARN_INT_CONVERSION = YES;
				CLANG_WARN_NON_LITERAL_NULL_CONVERSION = YES;
				CLANG_WARN_OBJC_IMPLICIT_RETAIN_SELF = YES;
				CLANG_WARN_OBJC_LITERAL_CONVERSION = YES;
				CLANG_WARN_OBJC_ROOT_CLASS = YES_ERROR;
				CLANG_WARN_RANGE_LOOP_ANALYSIS = YES;
				CLANG_WARN_STRICT_PROTOTYPES = YES;
				CLANG_WARN_SUSPICIOUS_MOVE = YES;
				CLANG_WARN_UNGUARDED_AVAILABILITY = YES_AGGRESSIVE;
				CLANG_WARN_UNREACHABLE_CODE = YES;
				CLANG_WARN__DUPLICATE_METHOD_MATCH = YES;
				COPY_PHASE_STRIP = NO;
				DEBUG_INFORMATION_FORMAT = "dwarf-with-dsym";
				ENABLE_NS_ASSERTIONS = NO;
				ENABLE_STRICT_OBJC_MSGSEND = YES;
				GCC_C_LANGUAGE_STANDARD = gnu11;
				GCC_NO_COMMON_BLOCKS = YES;
				GCC_WARN_64_TO_32_BIT_CONVERSION = YES;
				GCC_WARN_ABOUT_RETURN_TYPE = YES_ERROR;
				GCC_WARN_UNDECLARED_SELECTOR = YES;
				GCC_WARN_UNINITIALIZED_AUTOS = YES_AGGRESSIVE;
				GCC_WARN_UNUSED_FUNCTION = YES;
				GCC_WARN_UNUSED_VARIABLE = YES;
				IPHONEOS_DEPLOYMENT_TARGET = 13.0;
				MTL_ENABLE_DEBUG_INFO = NO;
				MTL_FAST_MATH = YES;
				SDKROOT = iphoneos;
				SWIFT_COMPILATION_MODE = wholemodule;
				SWIFT_OPTIMIZATION_LEVEL = "-O";
				VALIDATE_PRODUCT = YES;
			};
			name = Release;
		};
		E5584A682434A3DD007035B6 /* Debug */ = {
			isa = XCBuildConfiguration;
			baseConfigurationReference = 92B1BA6E215EC034DCA73097 /* Pods-SwiftyFirestore.debug.xcconfig */;
			buildSettings = {
				CODE_SIGN_STYLE = Automatic;
				OTHER_LDFLAGS = "-ObjC";
				PRODUCT_NAME = "$(TARGET_NAME)";
				SKIP_INSTALL = YES;
				SWIFT_VERSION = 5.0;
				TARGETED_DEVICE_FAMILY = "1,2";
			};
			name = Debug;
		};
		E5584A692434A3DD007035B6 /* Release */ = {
			isa = XCBuildConfiguration;
			baseConfigurationReference = 0B9D8BE9AA3F104CF5995B3C /* Pods-SwiftyFirestore.release.xcconfig */;
			buildSettings = {
				CODE_SIGN_STYLE = Automatic;
				OTHER_LDFLAGS = "-ObjC";
				PRODUCT_NAME = "$(TARGET_NAME)";
				SKIP_INSTALL = YES;
				SWIFT_VERSION = 5.0;
				TARGETED_DEVICE_FAMILY = "1,2";
			};
			name = Release;
		};
		E57DE00A2434A4E300308FC0 /* Debug */ = {
			isa = XCBuildConfiguration;
			baseConfigurationReference = 1328504BFFCBBA4EA9D7780C /* Pods-SwiftyFirestore-SwiftyFirestoreTests.debug.xcconfig */;
			buildSettings = {
				CODE_SIGN_STYLE = Automatic;
				INFOPLIST_FILE = Tests/SwiftyFirestoreTests/Info.plist;
				IPHONEOS_DEPLOYMENT_TARGET = "";
				LD_RUNPATH_SEARCH_PATHS = (
					"$(inherited)",
					"@executable_path/Frameworks",
					"@loader_path/Frameworks",
				);
				PRODUCT_BUNDLE_IDENTIFIER = tech.penginmura.Tests;
				PRODUCT_NAME = "$(TARGET_NAME)";
				SWIFT_VERSION = 5.0;
				TARGETED_DEVICE_FAMILY = "1,2";
			};
			name = Debug;
		};
		E57DE00B2434A4E300308FC0 /* Release */ = {
			isa = XCBuildConfiguration;
			baseConfigurationReference = 2A20C47CDA50F38EB806DEDA /* Pods-SwiftyFirestore-SwiftyFirestoreTests.release.xcconfig */;
			buildSettings = {
				CODE_SIGN_STYLE = Automatic;
				INFOPLIST_FILE = Tests/SwiftyFirestoreTests/Info.plist;
				IPHONEOS_DEPLOYMENT_TARGET = "";
				LD_RUNPATH_SEARCH_PATHS = (
					"$(inherited)",
					"@executable_path/Frameworks",
					"@loader_path/Frameworks",
				);
				PRODUCT_BUNDLE_IDENTIFIER = tech.penginmura.Tests;
				PRODUCT_NAME = "$(TARGET_NAME)";
				SWIFT_VERSION = 5.0;
				TARGETED_DEVICE_FAMILY = "1,2";
			};
			name = Release;
		};
/* End XCBuildConfiguration section */

/* Begin XCConfigurationList section */
		E5584A5B2434A3DD007035B6 /* Build configuration list for PBXProject "SwiftyFirestore" */ = {
			isa = XCConfigurationList;
			buildConfigurations = (
				E5584A652434A3DD007035B6 /* Debug */,
				E5584A662434A3DD007035B6 /* Release */,
			);
			defaultConfigurationIsVisible = 0;
			defaultConfigurationName = Release;
		};
		E5584A672434A3DD007035B6 /* Build configuration list for PBXNativeTarget "SwiftyFirestore" */ = {
			isa = XCConfigurationList;
			buildConfigurations = (
				E5584A682434A3DD007035B6 /* Debug */,
				E5584A692434A3DD007035B6 /* Release */,
			);
			defaultConfigurationIsVisible = 0;
			defaultConfigurationName = Release;
		};
		E57DE0092434A4E300308FC0 /* Build configuration list for PBXNativeTarget "SwiftyFirestoreTests" */ = {
			isa = XCConfigurationList;
			buildConfigurations = (
				E57DE00A2434A4E300308FC0 /* Debug */,
				E57DE00B2434A4E300308FC0 /* Release */,
			);
			defaultConfigurationIsVisible = 0;
			defaultConfigurationName = Release;
		};
/* End XCConfigurationList section */
	};
	rootObject = E5584A582434A3DD007035B6 /* Project object */;
}
